
Microsoft Visual Studio Solution File, Format Version 12.00
# Visual Studio Version 17
VisualStudioVersion = 17.14.36623.8 d17.14
MinimumVisualStudioVersion = 10.0.40219.1
Project("{FAE04EC0-301F-11D3-BF4B-00C04F79EFBC}") = "MulticinemaWeb", "MulticinemaWeb\MulticinemaWeb.csproj", "{8D0E2D91-E3D4-42DD-9BB7-B5BF274F9EEE}"
EndProject
Global
	GlobalSection(SolutionConfigurationPlatforms) = preSolution
		Debug|Any CPU = Debug|Any CPU
		Release|Any CPU = Release|Any CPU
	EndGlobalSection
	GlobalSection(ProjectConfigurationPlatforms) = postSolution
		{8D0E2D91-E3D4-42DD-9BB7-B5BF274F9EEE}.Debug|Any CPU.ActiveCfg = Debug|Any CPU
		{8D0E2D91-E3D4-42DD-9BB7-B5BF274F9EEE}.Debug|Any CPU.Build.0 = Debug|Any CPU
		{8D0E2D91-E3D4-42DD-9BB7-B5BF274F9EEE}.Release|Any CPU.ActiveCfg = Release|Any CPU
		{8D0E2D91-E3D4-42DD-9BB7-B5BF274F9EEE}.Release|Any CPU.Build.0 = Release|Any CPU
	EndGlobalSection
	GlobalSection(SolutionProperties) = preSolution
		HideSolutionNode = FALSE
	EndGlobalSection
	GlobalSection(ExtensibilityGlobals) = postSolution
		SolutionGuid = {77753785-01C4-45A9-9A44-43FF5DE7198C}
	EndGlobalSection
EndGlobal
